// !$*UTF8*$!
{
	archiveVersion = 1;
	classes = {
	};
	objectVersion = 50;
	objects = {

/* Begin PBXBuildFile section */
		0DED1999A866B657B5838F7D /* Pods_MultiMark.framework in Frameworks */ = {isa = PBXBuildFile; fileRef = 6193CBB1EF4F619C4DBF0233 /* Pods_MultiMark.framework */; };
		2D00437F225C645C001D0832 /* AppDelegate.swift in Sources */ = {isa = PBXBuildFile; fileRef = 2D00437E225C645C001D0832 /* AppDelegate.swift */; };
		2D004381225C645C001D0832 /* ViewController.swift in Sources */ = {isa = PBXBuildFile; fileRef = 2D004380225C645C001D0832 /* ViewController.swift */; };
		2D004384225C645C001D0832 /* Main.storyboard in Resources */ = {isa = PBXBuildFile; fileRef = 2D004382225C645C001D0832 /* Main.storyboard */; };
		2D004386225C645E001D0832 /* Assets.xcassets in Resources */ = {isa = PBXBuildFile; fileRef = 2D004385225C645E001D0832 /* Assets.xcassets */; };
		2D004389225C645E001D0832 /* LaunchScreen.storyboard in Resources */ = {isa = PBXBuildFile; fileRef = 2D004387225C645E001D0832 /* LaunchScreen.storyboard */; };
		2DD2DAC5225C8C5A00827B4F /* PreviewViewController.swift in Sources */ = {isa = PBXBuildFile; fileRef = 2DD2DAC4225C8C5A00827B4F /* PreviewViewController.swift */; };
/* End PBXBuildFile section */

/* Begin PBXFileReference section */
		2D00437B225C645C001D0832 /* MultiMark.app */ = {isa = PBXFileReference; explicitFileType = wrapper.application; includeInIndex = 0; path = MultiMark.app; sourceTree = BUILT_PRODUCTS_DIR; };
		2D00437E225C645C001D0832 /* AppDelegate.swift */ = {isa = PBXFileReference; lastKnownFileType = sourcecode.swift; path = AppDelegate.swift; sourceTree = "<group>"; };
		2D004380225C645C001D0832 /* ViewController.swift */ = {isa = PBXFileReference; lastKnownFileType = sourcecode.swift; path = ViewController.swift; sourceTree = "<group>"; };
		2D004383225C645C001D0832 /* Base */ = {isa = PBXFileReference; lastKnownFileType = file.storyboard; name = Base; path = Base.lproj/Main.storyboard; sourceTree = "<group>"; };
		2D004385225C645E001D0832 /* Assets.xcassets */ = {isa = PBXFileReference; lastKnownFileType = folder.assetcatalog; path = Assets.xcassets; sourceTree = "<group>"; };
		2D004388225C645E001D0832 /* Base */ = {isa = PBXFileReference; lastKnownFileType = file.storyboard; name = Base; path = Base.lproj/LaunchScreen.storyboard; sourceTree = "<group>"; };
		2D00438A225C645E001D0832 /* Info.plist */ = {isa = PBXFileReference; lastKnownFileType = text.plist.xml; path = Info.plist; sourceTree = "<group>"; };
		2DD2DAC4225C8C5A00827B4F /* PreviewViewController.swift */ = {isa = PBXFileReference; lastKnownFileType = sourcecode.swift; path = PreviewViewController.swift; sourceTree = "<group>"; };
		6193CBB1EF4F619C4DBF0233 /* Pods_MultiMark.framework */ = {isa = PBXFileReference; explicitFileType = wrapper.framework; includeInIndex = 0; path = Pods_MultiMark.framework; sourceTree = BUILT_PRODUCTS_DIR; };
		67C020F890B2000E51EC260A /* Pods-MultiMark.debug.xcconfig */ = {isa = PBXFileReference; includeInIndex = 1; lastKnownFileType = text.xcconfig; name = "Pods-MultiMark.debug.xcconfig"; path = "Target Support Files/Pods-MultiMark/Pods-MultiMark.debug.xcconfig"; sourceTree = "<group>"; };
		A1150C83A61B6E63D440C1C4 /* Pods-MultiMark.release.xcconfig */ = {isa = PBXFileReference; includeInIndex = 1; lastKnownFileType = text.xcconfig; name = "Pods-MultiMark.release.xcconfig"; path = "Target Support Files/Pods-MultiMark/Pods-MultiMark.release.xcconfig"; sourceTree = "<group>"; };
/* End PBXFileReference section */

/* Begin PBXFrameworksBuildPhase section */
		2D004378225C645C001D0832 /* Frameworks */ = {
			isa = PBXFrameworksBuildPhase;
			buildActionMask = 2147483647;
			files = (
				0DED1999A866B657B5838F7D /* Pods_MultiMark.framework in Frameworks */,
			);
			runOnlyForDeploymentPostprocessing = 0;
		};
/* End PBXFrameworksBuildPhase section */

/* Begin PBXGroup section */
		21B49515E3787DF4AAFE7207 /* Pods */ = {
			isa = PBXGroup;
			children = (
				67C020F890B2000E51EC260A /* Pods-MultiMark.debug.xcconfig */,
				A1150C83A61B6E63D440C1C4 /* Pods-MultiMark.release.xcconfig */,
			);
			path = Pods;
			sourceTree = "<group>";
		};
		2D004372225C645C001D0832 = {
			isa = PBXGroup;
			children = (
				2D00437D225C645C001D0832 /* MultiMark */,
				2D00437C225C645C001D0832 /* Products */,
				21B49515E3787DF4AAFE7207 /* Pods */,
				83E06654E05F03F6E8B23449 /* Frameworks */,
			);
			sourceTree = "<group>";
		};
		2D00437C225C645C001D0832 /* Products */ = {
			isa = PBXGroup;
			children = (
				2D00437B225C645C001D0832 /* MultiMark.app */,
			);
			name = Products;
			sourceTree = "<group>";
		};
		2D00437D225C645C001D0832 /* MultiMark */ = {
			isa = PBXGroup;
			children = (
				2D00437E225C645C001D0832 /* AppDelegate.swift */,
				2D004380225C645C001D0832 /* ViewController.swift */,
				2D004382225C645C001D0832 /* Main.storyboard */,
				2DD2DAC4225C8C5A00827B4F /* PreviewViewController.swift */,
				2D004385225C645E001D0832 /* Assets.xcassets */,
				2D004387225C645E001D0832 /* LaunchScreen.storyboard */,
				2D00438A225C645E001D0832 /* Info.plist */,
			);
			path = MultiMark;
			sourceTree = "<group>";
		};
		83E06654E05F03F6E8B23449 /* Frameworks */ = {
			isa = PBXGroup;
			children = (
				6193CBB1EF4F619C4DBF0233 /* Pods_MultiMark.framework */,
			);
			name = Frameworks;
			sourceTree = "<group>";
		};
/* End PBXGroup section */

/* Begin PBXNativeTarget section */
		2D00437A225C645C001D0832 /* MultiMark */ = {
			isa = PBXNativeTarget;
			buildConfigurationList = 2D00438D225C645E001D0832 /* Build configuration list for PBXNativeTarget "MultiMark" */;
			buildPhases = (
				66699A3740C7DCA3BEEA22B3 /* [CP] Check Pods Manifest.lock */,
				2D004377225C645C001D0832 /* Sources */,
				2D004378225C645C001D0832 /* Frameworks */,
				2D004379225C645C001D0832 /* Resources */,
				EF14251C60F7A173FC0689B8 /* [CP] Embed Pods Frameworks */,
			);
			buildRules = (
			);
			dependencies = (
			);
			name = MultiMark;
			productName = MultiMark;
			productReference = 2D00437B225C645C001D0832 /* MultiMark.app */;
			productType = "com.apple.product-type.application";
		};
/* End PBXNativeTarget section */

/* Begin PBXProject section */
		2D004373225C645C001D0832 /* Project object */ = {
			isa = PBXProject;
			attributes = {
				LastSwiftUpdateCheck = 1020;
				LastUpgradeCheck = 1020;
				ORGANIZATIONNAME = "Michele Galvagno";
				TargetAttributes = {
					2D00437A225C645C001D0832 = {
						CreatedOnToolsVersion = 10.2;
					};
				};
			};
			buildConfigurationList = 2D004376225C645C001D0832 /* Build configuration list for PBXProject "MultiMark" */;
			compatibilityVersion = "Xcode 9.3";
			developmentRegion = en;
			hasScannedForEncodings = 0;
			knownRegions = (
				en,
				Base,
			);
			mainGroup = 2D004372225C645C001D0832;
			productRefGroup = 2D00437C225C645C001D0832 /* Products */;
			projectDirPath = "";
			projectRoot = "";
			targets = (
				2D00437A225C645C001D0832 /* MultiMark */,
			);
		};
/* End PBXProject section */

/* Begin PBXResourcesBuildPhase section */
		2D004379225C645C001D0832 /* Resources */ = {
			isa = PBXResourcesBuildPhase;
			buildActionMask = 2147483647;
			files = (
				2D004389225C645E001D0832 /* LaunchScreen.storyboard in Resources */,
				2D004386225C645E001D0832 /* Assets.xcassets in Resources */,
				2D004384225C645C001D0832 /* Main.storyboard in Resources */,
			);
			runOnlyForDeploymentPostprocessing = 0;
		};
/* End PBXResourcesBuildPhase section */

/* Begin PBXShellScriptBuildPhase section */
		66699A3740C7DCA3BEEA22B3 /* [CP] Check Pods Manifest.lock */ = {
			isa = PBXShellScriptBuildPhase;
			buildActionMask = 2147483647;
			files = (
			);
			inputFileListPaths = (
			);
			inputPaths = (
				"${PODS_PODFILE_DIR_PATH}/Podfile.lock",
				"${PODS_ROOT}/Manifest.lock",
			);
			name = "[CP] Check Pods Manifest.lock";
			outputFileListPaths = (
			);
			outputPaths = (
				"$(DERIVED_FILE_DIR)/Pods-MultiMark-checkManifestLockResult.txt",
			);
			runOnlyForDeploymentPostprocessing = 0;
			shellPath = /bin/sh;
			shellScript = "diff \"${PODS_PODFILE_DIR_PATH}/Podfile.lock\" \"${PODS_ROOT}/Manifest.lock\" > /dev/null\nif [ $? != 0 ] ; then\n    # print error to STDERR\n    echo \"error: The sandbox is not in sync with the Podfile.lock. Run 'pod install' or update your CocoaPods installation.\" >&2\n    exit 1\nfi\n# This output is used by Xcode 'outputs' to avoid re-running this script phase.\necho \"SUCCESS\" > \"${SCRIPT_OUTPUT_FILE_0}\"\n";
			showEnvVarsInLog = 0;
		};
		EF14251C60F7A173FC0689B8 /* [CP] Embed Pods Frameworks */ = {
			isa = PBXShellScriptBuildPhase;
			buildActionMask = 2147483647;
			files = (
			);
			inputFileListPaths = (
			);
			inputPaths = (
				"${PODS_ROOT}/Target Support Files/Pods-MultiMark/Pods-MultiMark-frameworks.sh",
				"${BUILT_PRODUCTS_DIR}/Down/Down.framework",
			);
			name = "[CP] Embed Pods Frameworks";
			outputFileListPaths = (
			);
			outputPaths = (
				"${TARGET_BUILD_DIR}/${FRAMEWORKS_FOLDER_PATH}/Down.framework",
			);
			runOnlyForDeploymentPostprocessing = 0;
			shellPath = /bin/sh;
			shellScript = "\"${PODS_ROOT}/Target Support Files/Pods-MultiMark/Pods-MultiMark-frameworks.sh\"\n";
			showEnvVarsInLog = 0;
		};
/* End PBXShellScriptBuildPhase section */

/* Begin PBXSourcesBuildPhase section */
		2D004377225C645C001D0832 /* Sources */ = {
			isa = PBXSourcesBuildPhase;
			buildActionMask = 2147483647;
			files = (
				2D004381225C645C001D0832 /* ViewController.swift in Sources */,
				2D00437F225C645C001D0832 /* AppDelegate.swift in Sources */,
				2DD2DAC5225C8C5A00827B4F /* PreviewViewController.swift in Sources */,
			);
			runOnlyForDeploymentPostprocessing = 0;
		};
/* End PBXSourcesBuildPhase section */

/* Begin PBXVariantGroup section */
		2D004382225C645C001D0832 /* Main.storyboard */ = {
			isa = PBXVariantGroup;
			children = (
				2D004383225C645C001D0832 /* Base */,
			);
			name = Main.storyboard;
			sourceTree = "<group>";
		};
		2D004387225C645E001D0832 /* LaunchScreen.storyboard */ = {
			isa = PBXVariantGroup;
			children = (
				2D004388225C645E001D0832 /* Base */,
			);
			name = LaunchScreen.storyboard;
			sourceTree = "<group>";
		};
/* End PBXVariantGroup section */

/* Begin XCBuildConfiguration section */
		2D00438B225C645E001D0832 /* Debug */ = {
			isa = XCBuildConfiguration;
			buildSettings = {
				ALWAYS_SEARCH_USER_PATHS = NO;
				CLANG_ANALYZER_NONNULL = YES;
				CLANG_ANALYZER_NUMBER_OBJECT_CONVERSION = YES_AGGRESSIVE;
				CLANG_CXX_LANGUAGE_STANDARD = "gnu++14";
				CLANG_CXX_LIBRARY = "libc++";
				CLANG_ENABLE_MODULES = YES;
				CLANG_ENABLE_OBJC_ARC = YES;
				CLANG_ENABLE_OBJC_WEAK = YES;
				CLANG_WARN_BLOCK_CAPTURE_AUTORELEASING = YES;
				CLANG_WARN_BOOL_CONVERSION = YES;
				CLANG_WARN_COMMA = YES;
				CLANG_WARN_CONSTANT_CONVERSION = YES;
				CLANG_WARN_DEPRECATED_OBJC_IMPLEMENTATIONS = YES;
				CLANG_WARN_DIRECT_OBJC_ISA_USAGE = YES_ERROR;
				CLANG_WARN_DOCUMENTATION_COMMENTS = YES;
				CLANG_WARN_EMPTY_BODY = YES;
				CLANG_WARN_ENUM_CONVERSION = YES;
				CLANG_WARN_INFINITE_RECURSION = YES;
				CLANG_WARN_INT_CONVERSION = YES;
				CLANG_WARN_NON_LITERAL_NULL_CONVERSION = YES;
				CLANG_WARN_OBJC_IMPLICIT_RETAIN_SELF = YES;
				CLANG_WARN_OBJC_LITERAL_CONVERSION = YES;
				CLANG_WARN_OBJC_ROOT_CLASS = YES_ERROR;
				CLANG_WARN_RANGE_LOOP_ANALYSIS = YES;
				CLANG_WARN_STRICT_PROTOTYPES = YES;
				CLANG_WARN_SUSPICIOUS_MOVE = YES;
				CLANG_WARN_UNGUARDED_AVAILABILITY = YES_AGGRESSIVE;
				CLANG_WARN_UNREACHABLE_CODE = YES;
				CLANG_WARN__DUPLICATE_METHOD_MATCH = YES;
				CODE_SIGN_IDENTITY = "iPhone Developer";
				COPY_PHASE_STRIP = NO;
				DEBUG_INFORMATION_FORMAT = dwarf;
				ENABLE_STRICT_OBJC_MSGSEND = YES;
				ENABLE_TESTABILITY = YES;
				GCC_C_LANGUAGE_STANDARD = gnu11;
				GCC_DYNAMIC_NO_PIC = NO;
				GCC_NO_COMMON_BLOCKS = YES;
				GCC_OPTIMIZATION_LEVEL = 0;
				GCC_PREPROCESSOR_DEFINITIONS = (
					"DEBUG=1",
					"$(inherited)",
				);
				GCC_WARN_64_TO_32_BIT_CONVERSION = YES;
				GCC_WARN_ABOUT_RETURN_TYPE = YES_ERROR;
				GCC_WARN_UNDECLARED_SELECTOR = YES;
				GCC_WARN_UNINITIALIZED_AUTOS = YES_AGGRESSIVE;
				GCC_WARN_UNUSED_FUNCTION = YES;
				GCC_WARN_UNUSED_VARIABLE = YES;
				IPHONEOS_DEPLOYMENT_TARGET = 12.2;
				MTL_ENABLE_DEBUG_INFO = INCLUDE_SOURCE;
				MTL_FAST_MATH = YES;
				ONLY_ACTIVE_ARCH = YES;
				SDKROOT = iphoneos;
				SWIFT_ACTIVE_COMPILATION_CONDITIONS = DEBUG;
				SWIFT_OPTIMIZATION_LEVEL = "-Onone";
			};
			name = Debug;
		};
		2D00438C225C645E001D0832 /* Release */ = {
			isa = XCBuildConfiguration;
			buildSettings = {
				ALWAYS_SEARCH_USER_PATHS = NO;
				CLANG_ANALYZER_NONNULL = YES;
				CLANG_ANALYZER_NUMBER_OBJECT_CONVERSION = YES_AGGRESSIVE;
				CLANG_CXX_LANGUAGE_STANDARD = "gnu++14";
				CLANG_CXX_LIBRARY = "libc++";
				CLANG_ENABLE_MODULES = YES;
				CLANG_ENABLE_OBJC_ARC = YES;
				CLANG_ENABLE_OBJC_WEAK = YES;
				CLANG_WARN_BLOCK_CAPTURE_AUTORELEASING = YES;
				CLANG_WARN_BOOL_CONVERSION = YES;
				CLANG_WARN_COMMA = YES;
				CLANG_WARN_CONSTANT_CONVERSION = YES;
				CLANG_WARN_DEPRECATED_OBJC_IMPLEMENTATIONS = YES;
				CLANG_WARN_DIRECT_OBJC_ISA_USAGE = YES_ERROR;
				CLANG_WARN_DOCUMENTATION_COMMENTS = YES;
				CLANG_WARN_EMPTY_BODY = YES;
				CLANG_WARN_ENUM_CONVERSION = YES;
				CLANG_WARN_INFINITE_RECURSION = YES;
				CLANG_WARN_INT_CONVERSION = YES;
				CLANG_WARN_NON_LITERAL_NULL_CONVERSION = YES;
				CLANG_WARN_OBJC_IMPLICIT_RETAIN_SELF = YES;
				CLANG_WARN_OBJC_LITERAL_CONVERSION = YES;
				CLANG_WARN_OBJC_ROOT_CLASS = YES_ERROR;
				CLANG_WARN_RANGE_LOOP_ANALYSIS = YES;
				CLANG_WARN_STRICT_PROTOTYPES = YES;
				CLANG_WARN_SUSPICIOUS_MOVE = YES;
				CLANG_WARN_UNGUARDED_AVAILABILITY = YES_AGGRESSIVE;
				CLANG_WARN_UNREACHABLE_CODE = YES;
				CLANG_WARN__DUPLICATE_METHOD_MATCH = YES;
				CODE_SIGN_IDENTITY = "iPhone Developer";
				COPY_PHASE_STRIP = NO;
				DEBUG_INFORMATION_FORMAT = "dwarf-with-dsym";
				ENABLE_NS_ASSERTIONS = NO;
				ENABLE_STRICT_OBJC_MSGSEND = YES;
				GCC_C_LANGUAGE_STANDARD = gnu11;
				GCC_NO_COMMON_BLOCKS = YES;
				GCC_WARN_64_TO_32_BIT_CONVERSION = YES;
				GCC_WARN_ABOUT_RETURN_TYPE = YES_ERROR;
				GCC_WARN_UNDECLARED_SELECTOR = YES;
				GCC_WARN_UNINITIALIZED_AUTOS = YES_AGGRESSIVE;
				GCC_WARN_UNUSED_FUNCTION = YES;
				GCC_WARN_UNUSED_VARIABLE = YES;
				IPHONEOS_DEPLOYMENT_TARGET = 12.2;
				MTL_ENABLE_DEBUG_INFO = NO;
				MTL_FAST_MATH = YES;
				SDKROOT = iphoneos;
				SWIFT_COMPILATION_MODE = wholemodule;
				SWIFT_OPTIMIZATION_LEVEL = "-O";
				VALIDATE_PRODUCT = YES;
			};
			name = Release;
		};
		2D00438E225C645E001D0832 /* Debug */ = {
			isa = XCBuildConfiguration;
			baseConfigurationReference = 67C020F890B2000E51EC260A /* Pods-MultiMark.debug.xcconfig */;
			buildSettings = {
				ASSETCATALOG_COMPILER_APPICON_NAME = AppIcon;
				CODE_SIGN_STYLE = Automatic;
				DEVELOPMENT_TEAM = 68Z4323Q26;
				INFOPLIST_FILE = MultiMark/Info.plist;
				LD_RUNPATH_SEARCH_PATHS = (
					"$(inherited)",
					"@executable_path/Frameworks",
				);
				PRODUCT_BUNDLE_IDENTIFIER = com.michelegalvagno.MultiMark;
				PRODUCT_NAME = "$(TARGET_NAME)";
				SWIFT_VERSION = 5.0;
				TARGETED_DEVICE_FAMILY = "1,2";
			};
			name = Debug;
		};
		2D00438F225C645E001D0832 /* Release */ = {
			isa = XCBuildConfiguration;
			baseConfigurationReference = A1150C83A61B6E63D440C1C4 /* Pods-MultiMark.release.xcconfig */;
			buildSettings = {
				ASSETCATALOG_COMPILER_APPICON_NAME = AppIcon;
				CODE_SIGN_STYLE = Automatic;
				DEVELOPMENT_TEAM = 68Z4323Q26;
				INFOPLIST_FILE = MultiMark/Info.plist;
				LD_RUNPATH_SEARCH_PATHS = (
					"$(inherited)",
					"@executable_path/Frameworks",
				);
				PRODUCT_BUNDLE_IDENTIFIER = com.michelegalvagno.MultiMark;
				PRODUCT_NAME = "$(TARGET_NAME)";
				SWIFT_VERSION = 5.0;
				TARGETED_DEVICE_FAMILY = "1,2";
			};
			name = Release;
		};
/* End XCBuildConfiguration section */

/* Begin XCConfigurationList section */
		2D004376225C645C001D0832 /* Build configuration list for PBXProject "MultiMark" */ = {
			isa = XCConfigurationList;
			buildConfigurations = (
				2D00438B225C645E001D0832 /* Debug */,
				2D00438C225C645E001D0832 /* Release */,
			);
			defaultConfigurationIsVisible = 0;
			defaultConfigurationName = Release;
		};
		2D00438D225C645E001D0832 /* Build configuration list for PBXNativeTarget "MultiMark" */ = {
			isa = XCConfigurationList;
			buildConfigurations = (
				2D00438E225C645E001D0832 /* Debug */,
				2D00438F225C645E001D0832 /* Release */,
			);
			defaultConfigurationIsVisible = 0;
			defaultConfigurationName = Release;
		};
/* End XCConfigurationList section */
	};
	rootObject = 2D004373225C645C001D0832 /* Project object */;
}
